
Microsoft Visual Studio Solution File, Format Version 12.00
# Visual Studio Version 17
VisualStudioVersion = 17.10.34928.147
MinimumVisualStudioVersion = 10.0.40219.1
Project("{FAE04EC0-301F-11D3-BF4B-00C04F79EFBC}") = "BestStoreMVC", "BestStoreMVC\BestStoreMVC.csproj", "{13A2F5F1-3E73-4CCE-8A2E-89A8945AD1CD}"
EndProject
Global
	GlobalSection(SolutionConfigurationPlatforms) = preSolution
		Debug|Any CPU = Debug|Any CPU
		Release|Any CPU = Release|Any CPU
	EndGlobalSection
	GlobalSection(ProjectConfigurationPlatforms) = postSolution
		{13A2F5F1-3E73-4CCE-8A2E-89A8945AD1CD}.Debug|Any CPU.ActiveCfg = Debug|Any CPU
		{13A2F5F1-3E73-4CCE-8A2E-89A8945AD1CD}.Debug|Any CPU.Build.0 = Debug|Any CPU
		{13A2F5F1-3E73-4CCE-8A2E-89A8945AD1CD}.Release|Any CPU.ActiveCfg = Release|Any CPU
		{13A2F5F1-3E73-4CCE-8A2E-89A8945AD1CD}.Release|Any CPU.Build.0 = Release|Any CPU
	EndGlobalSection
	GlobalSection(SolutionProperties) = preSolution
		HideSolutionNode = FALSE
	EndGlobalSection
	GlobalSection(ExtensibilityGlobals) = postSolution
		SolutionGuid = {0CDE566E-1D49-4DBE-8D8F-F44ADED493A2}
	EndGlobalSection
EndGlobal
